
Microsoft Visual Studio Solution File, Format Version 12.00
# Visual Studio Version 17
VisualStudioVersion = 17.0.31903.59
MinimumVisualStudioVersion = 10.0.40219.1
Project("{FAE04EC0-301F-11D3-BF4B-00C04F79EFBC}") = "MonsterApp", "MonsterApp\MonsterApp.csproj", "{EB8CE2CB-A7BA-4A15-910C-EEAE891A6D37}"
EndProject
Project("{FAE04EC0-301F-11D3-BF4B-00C04F79EFBC}") = "MonsterEngine", "MonsterEngine\MonsterEngine.csproj", "{644567E5-25BC-4161-8CC9-18718C65562D}"
EndProject
Global
	GlobalSection(SolutionConfigurationPlatforms) = preSolution
		Debug|Any CPU = Debug|Any CPU
		Release|Any CPU = Release|Any CPU
	EndGlobalSection
	GlobalSection(SolutionProperties) = preSolution
		HideSolutionNode = FALSE
	EndGlobalSection
	GlobalSection(ProjectConfigurationPlatforms) = postSolution
		{EB8CE2CB-A7BA-4A15-910C-EEAE891A6D37}.Debug|Any CPU.ActiveCfg = Debug|Any CPU
		{EB8CE2CB-A7BA-4A15-910C-EEAE891A6D37}.Debug|Any CPU.Build.0 = Debug|Any CPU
		{EB8CE2CB-A7BA-4A15-910C-EEAE891A6D37}.Release|Any CPU.ActiveCfg = Release|Any CPU
		{EB8CE2CB-A7BA-4A15-910C-EEAE891A6D37}.Release|Any CPU.Build.0 = Release|Any CPU
		{644567E5-25BC-4161-8CC9-18718C65562D}.Debug|Any CPU.ActiveCfg = Debug|Any CPU
		{644567E5-25BC-4161-8CC9-18718C65562D}.Debug|Any CPU.Build.0 = Debug|Any CPU
		{644567E5-25BC-4161-8CC9-18718C65562D}.Release|Any CPU.ActiveCfg = Release|Any CPU
		{644567E5-25BC-4161-8CC9-18718C65562D}.Release|Any CPU.Build.0 = Release|Any CPU
	EndGlobalSection
EndGlobal
